
Microsoft Visual Studio Solution File, Format Version 12.00
# Visual Studio Express 2013 for Windows Desktop
VisualStudioVersion = 12.0.21005.1
MinimumVisualStudioVersion = 10.0.40219.1
Project("{FAE04EC0-301F-11D3-BF4B-00C04F79EFBC}") = "FormSalary", "Chapter3\FormSalary.csproj", "{449C144A-BA76-419C-97FD-96861D9D1106}"
EndProject
Project("{FAE04EC0-301F-11D3-BF4B-00C04F79EFBC}") = "Chapter4", "Chapter4\Chapter4.csproj", "{DB8CDA74-0BE7-4BBC-8048-908610D03CA6}"
EndProject
Global
	GlobalSection(SolutionConfigurationPlatforms) = preSolution
		Debug|Any CPU = Debug|Any CPU
		Release|Any CPU = Release|Any CPU
	EndGlobalSection
	GlobalSection(ProjectConfigurationPlatforms) = postSolution
		{449C144A-BA76-419C-97FD-96861D9D1106}.Debug|Any CPU.ActiveCfg = Debug|Any CPU
		{449C144A-BA76-419C-97FD-96861D9D1106}.Debug|Any CPU.Build.0 = Debug|Any CPU
		{449C144A-BA76-419C-97FD-96861D9D1106}.Release|Any CPU.ActiveCfg = Release|Any CPU
		{449C144A-BA76-419C-97FD-96861D9D1106}.Release|Any CPU.Build.0 = Release|Any CPU
		{DB8CDA74-0BE7-4BBC-8048-908610D03CA6}.Debug|Any CPU.ActiveCfg = Debug|Any CPU
		{DB8CDA74-0BE7-4BBC-8048-908610D03CA6}.Debug|Any CPU.Build.0 = Debug|Any CPU
		{DB8CDA74-0BE7-4BBC-8048-908610D03CA6}.Release|Any CPU.ActiveCfg = Release|Any CPU
		{DB8CDA74-0BE7-4BBC-8048-908610D03CA6}.Release|Any CPU.Build.0 = Release|Any CPU
	EndGlobalSection
	GlobalSection(SolutionProperties) = preSolution
		HideSolutionNode = FALSE
	EndGlobalSection
EndGlobal
